// !$*UTF8*$!
{
	archiveVersion = 1;
	classes = {
	};
	objectVersion = 50;
	objects = {

/* Begin PBXBuildFile section */
		95004C2A20E771A300380DBB /* ModeSelectionVC.swift in Sources */ = {isa = PBXBuildFile; fileRef = 95004C2920E771A300380DBB /* ModeSelectionVC.swift */; };
		95004C2C20E7739800380DBB /* ModeSelectionCell.swift in Sources */ = {isa = PBXBuildFile; fileRef = 95004C2B20E7739800380DBB /* ModeSelectionCell.swift */; };
		9509144B2126B37F00EDB4B3 /* CubePieces.swift in Sources */ = {isa = PBXBuildFile; fileRef = 9509144A2126B37F00EDB4B3 /* CubePieces.swift */; };
		9509144D2126B4B700EDB4B3 /* StringRepresentable.swift in Sources */ = {isa = PBXBuildFile; fileRef = 9509144C2126B4B700EDB4B3 /* StringRepresentable.swift */; };
		9509144F2126C12900EDB4B3 /* TurnsAndRotations.swift in Sources */ = {isa = PBXBuildFile; fileRef = 9509144E2126C12900EDB4B3 /* TurnsAndRotations.swift */; };
		950914512126C1A200EDB4B3 /* UserDefaultsHandler.swift in Sources */ = {isa = PBXBuildFile; fileRef = 950914502126C1A200EDB4B3 /* UserDefaultsHandler.swift */; };
		950D322420F06C6800CA165C /* SettingsVC.swift in Sources */ = {isa = PBXBuildFile; fileRef = 950D322320F06C6800CA165C /* SettingsVC.swift */; };
		950D322620F0823F00CA165C /* EditLetterSchemeVC.swift in Sources */ = {isa = PBXBuildFile; fileRef = 950D322520F0823F00CA165C /* EditLetterSchemeVC.swift */; };
		950D322820F0ABAB00CA165C /* GeneralSetting.swift in Sources */ = {isa = PBXBuildFile; fileRef = 950D322720F0ABAB00CA165C /* GeneralSetting.swift */; };
		950D322A20F0ACB600CA165C /* UserSetting.swift in Sources */ = {isa = PBXBuildFile; fileRef = 950D322920F0ACB600CA165C /* UserSetting.swift */; };
		950DF6C92111620800A329EB /* ShowPriorityVC.swift in Sources */ = {isa = PBXBuildFile; fileRef = 950DF6C82111620800A329EB /* ShowPriorityVC.swift */; };
		950DF6CC2111622400A329EB /* CustomPriority.storyboard in Resources */ = {isa = PBXBuildFile; fileRef = 950DF6CA2111622400A329EB /* CustomPriority.storyboard */; };
		950DF6CE2111640700A329EB /* PriorityCell.swift in Sources */ = {isa = PBXBuildFile; fileRef = 950DF6CD2111640700A329EB /* PriorityCell.swift */; };
		950DF6D12111ABFA00A329EB /* MethodOptions.swift in Sources */ = {isa = PBXBuildFile; fileRef = 950DF6D02111ABFA00A329EB /* MethodOptions.swift */; };
		950DF6D32111AC9F00A329EB /* MemoPreference.swift in Sources */ = {isa = PBXBuildFile; fileRef = 950DF6D22111AC9F00A329EB /* MemoPreference.swift */; };
		950DF6D52111ACEB00A329EB /* AdvancedParity.swift in Sources */ = {isa = PBXBuildFile; fileRef = 950DF6D42111ACEB00A329EB /* AdvancedParity.swift */; };
		950DF6D72111B2E500A329EB /* ReorderPriorityVC.swift in Sources */ = {isa = PBXBuildFile; fileRef = 950DF6D62111B2E500A329EB /* ReorderPriorityVC.swift */; };
		950E70FA20E9DFCB0080F879 /* FloatingActionButton.swift in Sources */ = {isa = PBXBuildFile; fileRef = 950E70F920E9DFCB0080F879 /* FloatingActionButton.swift */; };
		95183BBF210717A1006D2D6F /* AdvancedParityVC.swift in Sources */ = {isa = PBXBuildFile; fileRef = 95183BBE210717A1006D2D6F /* AdvancedParityVC.swift */; };
		951A33EB20D260C000A12666 /* GradientView.swift in Sources */ = {isa = PBXBuildFile; fileRef = 951A33EA20D260C000A12666 /* GradientView.swift */; };
		9526D82820C3AA2800F0E251 /* UIButtonX.swift in Sources */ = {isa = PBXBuildFile; fileRef = 9526D82720C3AA2800F0E251 /* UIButtonX.swift */; };
		952FAA0920BB1B58007FD671 /* RoundedButton.swift in Sources */ = {isa = PBXBuildFile; fileRef = 952FAA0820BB1B58007FD671 /* RoundedButton.swift */; };
		952FAA0B20BB1CDA007FD671 /* RoundedView.swift in Sources */ = {isa = PBXBuildFile; fileRef = 952FAA0A20BB1CDA007FD671 /* RoundedView.swift */; };
		9533A49020A8C24D00A5A59E /* CubeView.swift in Sources */ = {isa = PBXBuildFile; fileRef = 9533A48F20A8C24D00A5A59E /* CubeView.swift */; };
		9539A77E20E5F0E800A3CE20 /* InTimerSetting.storyboard in Resources */ = {isa = PBXBuildFile; fileRef = 9539A77C20E5F0E800A3CE20 /* InTimerSetting.storyboard */; };
		9539A78120E5F21000A3CE20 /* MemoMethod.swift in Sources */ = {isa = PBXBuildFile; fileRef = 9539A78020E5F21000A3CE20 /* MemoMethod.swift */; };
		9539A78520E62E1400A3CE20 /* SettingsDetailVC.swift in Sources */ = {isa = PBXBuildFile; fileRef = 9539A78420E62E1400A3CE20 /* SettingsDetailVC.swift */; };
		953F41F8211BD0C800EBC194 /* Help.storyboard in Resources */ = {isa = PBXBuildFile; fileRef = 953F41F6211BD0C800EBC194 /* Help.storyboard */; };
		953F41FB211BD44F00EBC194 /* HelpCell.swift in Sources */ = {isa = PBXBuildFile; fileRef = 953F41FA211BD44F00EBC194 /* HelpCell.swift */; };
		953F41FD211BD5E400EBC194 /* HelpedIcon.swift in Sources */ = {isa = PBXBuildFile; fileRef = 953F41FC211BD5E400EBC194 /* HelpedIcon.swift */; };
		955E0DF72125394800B2B1E3 /* Settings.storyboard in Resources */ = {isa = PBXBuildFile; fileRef = 955E0DF92125394800B2B1E3 /* Settings.storyboard */; };
		955E0DFF21253E8C00B2B1E3 /* LocalizationHelper.swift in Sources */ = {isa = PBXBuildFile; fileRef = 955E0DFE21253E8C00B2B1E3 /* LocalizationHelper.swift */; };
		955E0E00212541AA00B2B1E3 /* Localizable.strings in Resources */ = {isa = PBXBuildFile; fileRef = 955E0E02212541AA00B2B1E3 /* Localizable.strings */; };
		955E0E052125428700B2B1E3 /* LocalizationGeneral.swift in Sources */ = {isa = PBXBuildFile; fileRef = 955E0E042125428700B2B1E3 /* LocalizationGeneral.swift */; };
		955E0E07212545FE00B2B1E3 /* LocalizableMode.swift in Sources */ = {isa = PBXBuildFile; fileRef = 955E0E06212545FE00B2B1E3 /* LocalizableMode.swift */; };
		955E0E0A2125464A00B2B1E3 /* Mode.strings in Resources */ = {isa = PBXBuildFile; fileRef = 955E0E0C2125464A00B2B1E3 /* Mode.strings */; };
		955E0E10212578F100B2B1E3 /* Memo.strings in Resources */ = {isa = PBXBuildFile; fileRef = 955E0E12212578F100B2B1E3 /* Memo.strings */; };
		955E0E1821257CDA00B2B1E3 /* LocalizationMemo.swift in Sources */ = {isa = PBXBuildFile; fileRef = 955E0E1721257CDA00B2B1E3 /* LocalizationMemo.swift */; };
		956C5CDC20A0D2230036D80A /* Cube.swift in Sources */ = {isa = PBXBuildFile; fileRef = 956C5CDB20A0D2230036D80A /* Cube.swift */; };
		956C5CDE20A0DCC00036D80A /* CubePermutationEncoder.swift in Sources */ = {isa = PBXBuildFile; fileRef = 956C5CDD20A0DCC00036D80A /* CubePermutationEncoder.swift */; };
		9572457220D9B6D30086202E /* TimerVCPopUp.swift in Sources */ = {isa = PBXBuildFile; fileRef = 9572457120D9B6D30086202E /* TimerVCPopUp.swift */; };
		9572457420D9B7DF0086202E /* TimerVCTableManager.swift in Sources */ = {isa = PBXBuildFile; fileRef = 9572457320D9B7DF0086202E /* TimerVCTableManager.swift */; };
		9572457620D9B8CC0086202E /* TimerVCTimerLabel.swift in Sources */ = {isa = PBXBuildFile; fileRef = 9572457520D9B8CC0086202E /* TimerVCTimerLabel.swift */; };
		9575E62A212A304B005F6872 /* ResultPopUpView.swift in Sources */ = {isa = PBXBuildFile; fileRef = 9575E629212A304B005F6872 /* ResultPopUpView.swift */; };
		9575E62C212A305C005F6872 /* ResultPopUpView.xib in Resources */ = {isa = PBXBuildFile; fileRef = 9575E62B212A305C005F6872 /* ResultPopUpView.xib */; };
		9575E630212A402F005F6872 /* ResultTableView.swift in Sources */ = {isa = PBXBuildFile; fileRef = 9575E62F212A402F005F6872 /* ResultTableView.swift */; };
		9575E632212A404B005F6872 /* ResultTableView.xib in Resources */ = {isa = PBXBuildFile; fileRef = 9575E631212A404B005F6872 /* ResultTableView.xib */; };
		9575E635212A4161005F6872 /* SessionView.swift in Sources */ = {isa = PBXBuildFile; fileRef = 9575E634212A4161005F6872 /* SessionView.swift */; };
		9575E639212A4366005F6872 /* SessionCell.xib in Resources */ = {isa = PBXBuildFile; fileRef = 9575E638212A4366005F6872 /* SessionCell.xib */; };
		9575ED5720D90D7A00D9CF81 /* Data.swift in Sources */ = {isa = PBXBuildFile; fileRef = 9575ED5620D90D7A00D9CF81 /* Data.swift */; };
		957A5C7021128064002160A7 /* ReorderCell.swift in Sources */ = {isa = PBXBuildFile; fileRef = 957A5C6F21128064002160A7 /* ReorderCell.swift */; };
		957A5C7221128092002160A7 /* ThemeCell.swift in Sources */ = {isa = PBXBuildFile; fileRef = 957A5C7121128092002160A7 /* ThemeCell.swift */; };
		957E1C8720DA5DC000CC40AD /* Session.swift in Sources */ = {isa = PBXBuildFile; fileRef = 957E1C8620DA5DC000CC40AD /* Session.swift */; };
		958125C0210EA4F2009C564B /* DropDownTextField.swift in Sources */ = {isa = PBXBuildFile; fileRef = 958125BF210EA4F2009C564B /* DropDownTextField.swift */; };
		958125C2210EBA91009C564B /* ThemeAlertController.swift in Sources */ = {isa = PBXBuildFile; fileRef = 958125C1210EBA91009C564B /* ThemeAlertController.swift */; };
		9583EC42209E0E7C004A4D3E /* CentreCore.swift in Sources */ = {isa = PBXBuildFile; fileRef = 9583EC40209E0E7C004A4D3E /* CentreCore.swift */; };
		9583EC43209E0E7C004A4D3E /* VoidCube.swift in Sources */ = {isa = PBXBuildFile; fileRef = 9583EC41209E0E7C004A4D3E /* VoidCube.swift */; };
		9583EC4C209E13BF004A4D3E /* xzTrainerTests.swift in Sources */ = {isa = PBXBuildFile; fileRef = 9583EC4B209E13BF004A4D3E /* xzTrainerTests.swift */; };
		9583EC54209E3F2C004A4D3E /* PublicLibrary.swift in Sources */ = {isa = PBXBuildFile; fileRef = 9583EC53209E3F2C004A4D3E /* PublicLibrary.swift */; };
		9587E19D20DB27B200CFF85D /* TableViewClasses.swift in Sources */ = {isa = PBXBuildFile; fileRef = 9587E19C20DB27B200CFF85D /* TableViewClasses.swift */; };
		9587E19F20DB2D6E00CFF85D /* SessionCell.swift in Sources */ = {isa = PBXBuildFile; fileRef = 9587E19E20DB2D6E00CFF85D /* SessionCell.swift */; };
		9587E1A120DB8FDD00CFF85D /* TimerVCSessionManager.swift in Sources */ = {isa = PBXBuildFile; fileRef = 9587E1A020DB8FDD00CFF85D /* TimerVCSessionManager.swift */; };
		9588BA5721100BA500CE94C0 /* ThemeSwitch.swift in Sources */ = {isa = PBXBuildFile; fileRef = 9588BA5621100BA500CE94C0 /* ThemeSwitch.swift */; };
		9588BA5C21104DD000CE94C0 /* PreferenceCell.swift in Sources */ = {isa = PBXBuildFile; fileRef = 9588BA5B21104DD000CE94C0 /* PreferenceCell.swift */; };
		959260AA211A9D9B00AE9030 /* HelpVC.swift in Sources */ = {isa = PBXBuildFile; fileRef = 959260A9211A9D9B00AE9030 /* HelpVC.swift */; };
		95AD0E3820A7447200E36982 /* ColorScheme.swift in Sources */ = {isa = PBXBuildFile; fileRef = 95AD0E3720A7447200E36982 /* ColorScheme.swift */; };
		95B5265A20E23C5000C54F45 /* PreferenceList.swift in Sources */ = {isa = PBXBuildFile; fileRef = 95B5265920E23C5000C54F45 /* PreferenceList.swift */; };
		95B9838220B1F73000CE5908 /* ResultCell.swift in Sources */ = {isa = PBXBuildFile; fileRef = 95B9838120B1F73000CE5908 /* ResultCell.swift */; };
		95BF901F20E380B800211563 /* InTimerSettingVC.swift in Sources */ = {isa = PBXBuildFile; fileRef = 95BF901E20E380B800211563 /* InTimerSettingVC.swift */; };
		95BF902120E38FF500211563 /* TimerVCFAB.swift in Sources */ = {isa = PBXBuildFile; fileRef = 95BF902020E38FF500211563 /* TimerVCFAB.swift */; };
		95C6A4C120B32973003D8D28 /* xzTrainer.xcdatamodeld in Sources */ = {isa = PBXBuildFile; fileRef = 95C6A4BF20B32973003D8D28 /* xzTrainer.xcdatamodeld */; };
		95C6A4C320B35286003D8D28 /* Scrambler.swift in Sources */ = {isa = PBXBuildFile; fileRef = 95C6A4C220B35286003D8D28 /* Scrambler.swift */; };
		95CB543A20F303CC0025FB6E /* SettingsVCPicker.swift in Sources */ = {isa = PBXBuildFile; fileRef = 95CB543920F303CC0025FB6E /* SettingsVCPicker.swift */; };
		95CB543E20F34F770025FB6E /* EditSpecificLetterVC.swift in Sources */ = {isa = PBXBuildFile; fileRef = 95CB543D20F34F770025FB6E /* EditSpecificLetterVC.swift */; };
		95CB544020F35BE00025FB6E /* LetterSetterTextField.swift in Sources */ = {isa = PBXBuildFile; fileRef = 95CB543F20F35BE00025FB6E /* LetterSetterTextField.swift */; };
		95D52C5A20865912004DE650 /* AppDelegate.swift in Sources */ = {isa = PBXBuildFile; fileRef = 95D52C5920865912004DE650 /* AppDelegate.swift */; };
		95D52C5C20865912004DE650 /* TimerVC.swift in Sources */ = {isa = PBXBuildFile; fileRef = 95D52C5B20865912004DE650 /* TimerVC.swift */; };
		95D52C5F20865912004DE650 /* Timer.storyboard in Resources */ = {isa = PBXBuildFile; fileRef = 95D52C5D20865912004DE650 /* Timer.storyboard */; };
		95D52C6120865913004DE650 /* Assets.xcassets in Resources */ = {isa = PBXBuildFile; fileRef = 95D52C6020865913004DE650 /* Assets.xcassets */; };
		95D52C6420865913004DE650 /* LaunchScreen.storyboard in Resources */ = {isa = PBXBuildFile; fileRef = 95D52C6220865913004DE650 /* LaunchScreen.storyboard */; };
		95D7334A20E9BB21009F2708 /* ThemeSegues.swift in Sources */ = {isa = PBXBuildFile; fileRef = 95D7334920E9BB21009F2708 /* ThemeSegues.swift */; };
		95DB124720E4D6EB007BBAFD /* MemoSettingCell.swift in Sources */ = {isa = PBXBuildFile; fileRef = 95DB124620E4D6EB007BBAFD /* MemoSettingCell.swift */; };
		95DB124920E4DD3C007BBAFD /* MemoSettingsDataSource.swift in Sources */ = {isa = PBXBuildFile; fileRef = 95DB124820E4DD3C007BBAFD /* MemoSettingsDataSource.swift */; };
		95DB65EA20EF0E900095A778 /* ModeSelection.storyboard in Resources */ = {isa = PBXBuildFile; fileRef = 95DB65E820EF0E900095A778 /* ModeSelection.storyboard */; };
		95E0EA0720AF31F90058B87A /* TimerLabel.swift in Sources */ = {isa = PBXBuildFile; fileRef = 95E0EA0620AF31F90058B87A /* TimerLabel.swift */; };
		95E1FB3D21291000002717FC /* LocalizationHelp.swift in Sources */ = {isa = PBXBuildFile; fileRef = 95E1FB3C21291000002717FC /* LocalizationHelp.swift */; };
		95E1FB3E21291163002717FC /* IconExplanations.strings in Resources */ = {isa = PBXBuildFile; fileRef = 95E1FB4021291163002717FC /* IconExplanations.strings */; };
		95E1FB4621293D51002717FC /* ThemeViewController.swift in Sources */ = {isa = PBXBuildFile; fileRef = 95E1FB4421293D51002717FC /* ThemeViewController.swift */; };
		95E1FB4A212948B2002717FC /* Theme.swift in Sources */ = {isa = PBXBuildFile; fileRef = 95E1FB49212948B2002717FC /* Theme.swift */; };
		95EB838F20B430E4003ADB37 /* Solve.swift in Sources */ = {isa = PBXBuildFile; fileRef = 95EB838E20B430E4003ADB37 /* Solve.swift */; };
		95EB839120B43D93003ADB37 /* SolveDetailVC.swift in Sources */ = {isa = PBXBuildFile; fileRef = 95EB839020B43D93003ADB37 /* SolveDetailVC.swift */; };
		95EB839320B46CDF003ADB37 /* LetterScheme.swift in Sources */ = {isa = PBXBuildFile; fileRef = 95EB839220B46CDF003ADB37 /* LetterScheme.swift */; };
		95EB839520B47061003ADB37 /* EncoderSetting.swift in Sources */ = {isa = PBXBuildFile; fileRef = 95EB839420B47061003ADB37 /* EncoderSetting.swift */; };
		95F1295020A4E2F3000732A4 /* CubeFaceView.swift in Sources */ = {isa = PBXBuildFile; fileRef = 95F1294F20A4E2F3000732A4 /* CubeFaceView.swift */; };
		95F886AE2112F082004D4C2C /* PieceArrayExtentsion.swift in Sources */ = {isa = PBXBuildFile; fileRef = 95F886AD2112F082004D4C2C /* PieceArrayExtentsion.swift */; };
		95F886B02112FF5C004D4C2C /* NameVC.swift in Sources */ = {isa = PBXBuildFile; fileRef = 95F886AF2112FF5C004D4C2C /* NameVC.swift */; };
/* End PBXBuildFile section */

/* Begin PBXContainerItemProxy section */
		9583EC4E209E13BF004A4D3E /* PBXContainerItemProxy */ = {
			isa = PBXContainerItemProxy;
			containerPortal = 95D52C4E20865912004DE650 /* Project object */;
			proxyType = 1;
			remoteGlobalIDString = 95D52C5520865912004DE650;
			remoteInfo = xzTrainer;
		};
/* End PBXContainerItemProxy section */

/* Begin PBXFileReference section */
		95004C2920E771A300380DBB /* ModeSelectionVC.swift */ = {isa = PBXFileReference; lastKnownFileType = sourcecode.swift; path = ModeSelectionVC.swift; sourceTree = "<group>"; };
		95004C2B20E7739800380DBB /* ModeSelectionCell.swift */ = {isa = PBXFileReference; lastKnownFileType = sourcecode.swift; path = ModeSelectionCell.swift; sourceTree = "<group>"; };
		95034E6F21251A730096E40B /* zh-Hans */ = {isa = PBXFileReference; lastKnownFileType = text.plist.strings; name = "zh-Hans"; path = "zh-Hans.lproj/LaunchScreen.strings"; sourceTree = "<group>"; };
		95034E7021251A740096E40B /* zh-Hans */ = {isa = PBXFileReference; lastKnownFileType = text.plist.strings; name = "zh-Hans"; path = "xzTrainer/Launch Scenes/ModeSelection/xzTrainer/View/Storyboards/zh-Hans.lproj/Help.strings"; sourceTree = "<group>"; };
		95034E7121251A740096E40B /* zh-Hans */ = {isa = PBXFileReference; lastKnownFileType = text.plist.strings; name = "zh-Hans"; path = "xzTrainer/View/Storyboards/zh-Hans.lproj/ModeSelection.strings"; sourceTree = "<group>"; };
		95034E7221251A740096E40B /* zh-Hans */ = {isa = PBXFileReference; lastKnownFileType = text.plist.strings; name = "zh-Hans"; path = "zh-Hans.lproj/Timer.strings"; sourceTree = "<group>"; };
		95034E7321251A740096E40B /* zh-Hans */ = {isa = PBXFileReference; lastKnownFileType = text.plist.strings; name = "zh-Hans"; path = "xzTrainer/Settings/Encoder/Controller/xzTrainer/zh-Hans.lproj/CustomPriority.strings"; sourceTree = "<group>"; };
		95034E7421251A740096E40B /* zh-Hans */ = {isa = PBXFileReference; lastKnownFileType = text.plist.strings; name = "zh-Hans"; path = "xzTrainer/zh-Hans.lproj/InTimerSetting.strings"; sourceTree = "<group>"; };
		9509144A2126B37F00EDB4B3 /* CubePieces.swift */ = {isa = PBXFileReference; lastKnownFileType = sourcecode.swift; path = CubePieces.swift; sourceTree = "<group>"; };
		9509144C2126B4B700EDB4B3 /* StringRepresentable.swift */ = {isa = PBXFileReference; lastKnownFileType = sourcecode.swift; path = StringRepresentable.swift; sourceTree = "<group>"; };
		9509144E2126C12900EDB4B3 /* TurnsAndRotations.swift */ = {isa = PBXFileReference; lastKnownFileType = sourcecode.swift; path = TurnsAndRotations.swift; sourceTree = "<group>"; };
		950914502126C1A200EDB4B3 /* UserDefaultsHandler.swift */ = {isa = PBXFileReference; lastKnownFileType = sourcecode.swift; path = UserDefaultsHandler.swift; sourceTree = "<group>"; };
		950D322320F06C6800CA165C /* SettingsVC.swift */ = {isa = PBXFileReference; lastKnownFileType = sourcecode.swift; path = SettingsVC.swift; sourceTree = "<group>"; };
		950D322520F0823F00CA165C /* EditLetterSchemeVC.swift */ = {isa = PBXFileReference; lastKnownFileType = sourcecode.swift; path = EditLetterSchemeVC.swift; sourceTree = "<group>"; };
		950D322720F0ABAB00CA165C /* GeneralSetting.swift */ = {isa = PBXFileReference; lastKnownFileType = sourcecode.swift; path = GeneralSetting.swift; sourceTree = "<group>"; };
		950D322920F0ACB600CA165C /* UserSetting.swift */ = {isa = PBXFileReference; lastKnownFileType = sourcecode.swift; path = UserSetting.swift; sourceTree = "<group>"; };
		950DF6C82111620800A329EB /* ShowPriorityVC.swift */ = {isa = PBXFileReference; lastKnownFileType = sourcecode.swift; path = ShowPriorityVC.swift; sourceTree = "<group>"; };
		950DF6CB2111622400A329EB /* Base */ = {isa = PBXFileReference; lastKnownFileType = file.storyboard; name = Base; path = xzTrainer/Settings/Encoder/Controller/xzTrainer/Base.lproj/CustomPriority.storyboard; sourceTree = "<group>"; };
		950DF6CD2111640700A329EB /* PriorityCell.swift */ = {isa = PBXFileReference; lastKnownFileType = sourcecode.swift; path = PriorityCell.swift; sourceTree = "<group>"; };
		950DF6D02111ABFA00A329EB /* MethodOptions.swift */ = {isa = PBXFileReference; lastKnownFileType = sourcecode.swift; path = MethodOptions.swift; sourceTree = "<group>"; };
		950DF6D22111AC9F00A329EB /* MemoPreference.swift */ = {isa = PBXFileReference; lastKnownFileType = sourcecode.swift; path = MemoPreference.swift; sourceTree = "<group>"; };
		950DF6D42111ACEB00A329EB /* AdvancedParity.swift */ = {isa = PBXFileReference; lastKnownFileType = sourcecode.swift; path = AdvancedParity.swift; sourceTree = "<group>"; };
		950DF6D62111B2E500A329EB /* ReorderPriorityVC.swift */ = {isa = PBXFileReference; lastKnownFileType = sourcecode.swift; path = ReorderPriorityVC.swift; sourceTree = "<group>"; };
		950E70F920E9DFCB0080F879 /* FloatingActionButton.swift */ = {isa = PBXFileReference; lastKnownFileType = sourcecode.swift; path = FloatingActionButton.swift; sourceTree = "<group>"; };
		95183BBE210717A1006D2D6F /* AdvancedParityVC.swift */ = {isa = PBXFileReference; lastKnownFileType = sourcecode.swift; path = AdvancedParityVC.swift; sourceTree = "<group>"; };
		951A33EA20D260C000A12666 /* GradientView.swift */ = {isa = PBXFileReference; lastKnownFileType = sourcecode.swift; path = GradientView.swift; sourceTree = "<group>"; };
		9526D82720C3AA2800F0E251 /* UIButtonX.swift */ = {isa = PBXFileReference; lastKnownFileType = sourcecode.swift; path = UIButtonX.swift; sourceTree = "<group>"; };
		952FAA0820BB1B58007FD671 /* RoundedButton.swift */ = {isa = PBXFileReference; lastKnownFileType = sourcecode.swift; path = RoundedButton.swift; sourceTree = "<group>"; };
		952FAA0A20BB1CDA007FD671 /* RoundedView.swift */ = {isa = PBXFileReference; lastKnownFileType = sourcecode.swift; path = RoundedView.swift; sourceTree = "<group>"; };
		9533A48F20A8C24D00A5A59E /* CubeView.swift */ = {isa = PBXFileReference; lastKnownFileType = sourcecode.swift; path = CubeView.swift; sourceTree = "<group>"; };
		9539A77D20E5F0E800A3CE20 /* Base */ = {isa = PBXFileReference; lastKnownFileType = file.storyboard; name = Base; path = xzTrainer/Base.lproj/InTimerSetting.storyboard; sourceTree = "<group>"; };
		9539A78020E5F21000A3CE20 /* MemoMethod.swift */ = {isa = PBXFileReference; lastKnownFileType = sourcecode.swift; path = MemoMethod.swift; sourceTree = "<group>"; };
		9539A78420E62E1400A3CE20 /* SettingsDetailVC.swift */ = {isa = PBXFileReference; lastKnownFileType = sourcecode.swift; path = SettingsDetailVC.swift; sourceTree = "<group>"; };
		953F41F7211BD0C800EBC194 /* Base */ = {isa = PBXFileReference; lastKnownFileType = file.storyboard; name = Base; path = "xzTrainer/Launch Scenes/ModeSelection/xzTrainer/View/Storyboards/Base.lproj/Help.storyboard"; sourceTree = "<group>"; };
		953F41FA211BD44F00EBC194 /* HelpCell.swift */ = {isa = PBXFileReference; lastKnownFileType = sourcecode.swift; path = HelpCell.swift; sourceTree = "<group>"; };
		953F41FC211BD5E400EBC194 /* HelpedIcon.swift */ = {isa = PBXFileReference; lastKnownFileType = sourcecode.swift; path = HelpedIcon.swift; sourceTree = "<group>"; };
		955E0DF82125394800B2B1E3 /* Base */ = {isa = PBXFileReference; lastKnownFileType = file.storyboard; name = Base; path = Base.lproj/Settings.storyboard; sourceTree = "<group>"; };
		955E0DFB2125394C00B2B1E3 /* zh-Hans */ = {isa = PBXFileReference; lastKnownFileType = text.plist.strings; name = "zh-Hans"; path = "zh-Hans.lproj/Settings.strings"; sourceTree = "<group>"; };
		955E0DFE21253E8C00B2B1E3 /* LocalizationHelper.swift */ = {isa = PBXFileReference; lastKnownFileType = sourcecode.swift; path = LocalizationHelper.swift; sourceTree = "<group>"; };
		955E0E01212541AA00B2B1E3 /* zh-Hans */ = {isa = PBXFileReference; lastKnownFileType = text.plist.strings; name = "zh-Hans"; path = "zh-Hans.lproj/Localizable.strings"; sourceTree = "<group>"; };
		955E0E042125428700B2B1E3 /* LocalizationGeneral.swift */ = {isa = PBXFileReference; lastKnownFileType = sourcecode.swift; path = LocalizationGeneral.swift; sourceTree = "<group>"; };
		955E0E06212545FE00B2B1E3 /* LocalizableMode.swift */ = {isa = PBXFileReference; lastKnownFileType = sourcecode.swift; path = LocalizableMode.swift; sourceTree = "<group>"; };
		955E0E0B2125464A00B2B1E3 /* zh-Hans */ = {isa = PBXFileReference; lastKnownFileType = text.plist.strings; name = "zh-Hans"; path = "zh-Hans.lproj/Mode.strings"; sourceTree = "<group>"; };
		955E0E11212578F100B2B1E3 /* zh-Hans */ = {isa = PBXFileReference; lastKnownFileType = text.plist.strings; name = "zh-Hans"; path = "zh-Hans.lproj/Memo.strings"; sourceTree = "<group>"; };
		955E0E142125797100B2B1E3 /* Base */ = {isa = PBXFileReference; lastKnownFileType = text.plist.strings; name = Base; path = Base.lproj/Localizable.strings; sourceTree = "<group>"; };
		955E0E152125798800B2B1E3 /* Base */ = {isa = PBXFileReference; lastKnownFileType = text.plist.strings; name = Base; path = Base.lproj/Mode.strings; sourceTree = "<group>"; };
		955E0E16212579B800B2B1E3 /* Base */ = {isa = PBXFileReference; lastKnownFileType = text.plist.strings; name = Base; path = Base.lproj/Memo.strings; sourceTree = "<group>"; };
		955E0E1721257CDA00B2B1E3 /* LocalizationMemo.swift */ = {isa = PBXFileReference; lastKnownFileType = sourcecode.swift; path = LocalizationMemo.swift; sourceTree = "<group>"; };
		956C5CDB20A0D2230036D80A /* Cube.swift */ = {isa = PBXFileReference; lastKnownFileType = sourcecode.swift; path = Cube.swift; sourceTree = "<group>"; };
		956C5CDD20A0DCC00036D80A /* CubePermutationEncoder.swift */ = {isa = PBXFileReference; lastKnownFileType = sourcecode.swift; path = CubePermutationEncoder.swift; sourceTree = "<group>"; };
		9572457120D9B6D30086202E /* TimerVCPopUp.swift */ = {isa = PBXFileReference; lastKnownFileType = sourcecode.swift; path = TimerVCPopUp.swift; sourceTree = "<group>"; };
		9572457320D9B7DF0086202E /* TimerVCTableManager.swift */ = {isa = PBXFileReference; lastKnownFileType = sourcecode.swift; path = TimerVCTableManager.swift; sourceTree = "<group>"; };
		9572457520D9B8CC0086202E /* TimerVCTimerLabel.swift */ = {isa = PBXFileReference; lastKnownFileType = sourcecode.swift; path = TimerVCTimerLabel.swift; sourceTree = "<group>"; };
		9575E629212A304B005F6872 /* ResultPopUpView.swift */ = {isa = PBXFileReference; lastKnownFileType = sourcecode.swift; path = ResultPopUpView.swift; sourceTree = "<group>"; };
		9575E62B212A305C005F6872 /* ResultPopUpView.xib */ = {isa = PBXFileReference; lastKnownFileType = file.xib; path = ResultPopUpView.xib; sourceTree = "<group>"; };
		9575E62F212A402F005F6872 /* ResultTableView.swift */ = {isa = PBXFileReference; lastKnownFileType = sourcecode.swift; path = ResultTableView.swift; sourceTree = "<group>"; };
		9575E631212A404B005F6872 /* ResultTableView.xib */ = {isa = PBXFileReference; lastKnownFileType = file.xib; path = ResultTableView.xib; sourceTree = "<group>"; };
		9575E634212A4161005F6872 /* SessionView.swift */ = {isa = PBXFileReference; lastKnownFileType = sourcecode.swift; path = SessionView.swift; sourceTree = "<group>"; };
		9575E638212A4366005F6872 /* SessionCell.xib */ = {isa = PBXFileReference; lastKnownFileType = file.xib; path = SessionCell.xib; sourceTree = "<group>"; };
		9575ED5620D90D7A00D9CF81 /* Data.swift */ = {isa = PBXFileReference; lastKnownFileType = sourcecode.swift; path = Data.swift; sourceTree = "<group>"; };
		957A5C6F21128064002160A7 /* ReorderCell.swift */ = {isa = PBXFileReference; lastKnownFileType = sourcecode.swift; path = ReorderCell.swift; sourceTree = "<group>"; };
		957A5C7121128092002160A7 /* ThemeCell.swift */ = {isa = PBXFileReference; lastKnownFileType = sourcecode.swift; path = ThemeCell.swift; sourceTree = "<group>"; };
		957E1C8620DA5DC000CC40AD /* Session.swift */ = {isa = PBXFileReference; lastKnownFileType = sourcecode.swift; path = Session.swift; sourceTree = "<group>"; };
		958125BF210EA4F2009C564B /* DropDownTextField.swift */ = {isa = PBXFileReference; lastKnownFileType = sourcecode.swift; path = DropDownTextField.swift; sourceTree = "<group>"; };
		958125C1210EBA91009C564B /* ThemeAlertController.swift */ = {isa = PBXFileReference; lastKnownFileType = sourcecode.swift; path = ThemeAlertController.swift; sourceTree = "<group>"; };
		9583EC40209E0E7C004A4D3E /* CentreCore.swift */ = {isa = PBXFileReference; fileEncoding = 4; lastKnownFileType = sourcecode.swift; path = CentreCore.swift; sourceTree = "<group>"; };
		9583EC41209E0E7C004A4D3E /* VoidCube.swift */ = {isa = PBXFileReference; fileEncoding = 4; lastKnownFileType = sourcecode.swift; path = VoidCube.swift; sourceTree = "<group>"; };
		9583EC49209E13BF004A4D3E /* xzTrainerTests.xctest */ = {isa = PBXFileReference; explicitFileType = wrapper.cfbundle; includeInIndex = 0; path = xzTrainerTests.xctest; sourceTree = BUILT_PRODUCTS_DIR; };
		9583EC4B209E13BF004A4D3E /* xzTrainerTests.swift */ = {isa = PBXFileReference; lastKnownFileType = sourcecode.swift; path = xzTrainerTests.swift; sourceTree = "<group>"; };
		9583EC4D209E13BF004A4D3E /* Info.plist */ = {isa = PBXFileReference; lastKnownFileType = text.plist.xml; path = Info.plist; sourceTree = "<group>"; };
		9583EC53209E3F2C004A4D3E /* PublicLibrary.swift */ = {isa = PBXFileReference; lastKnownFileType = sourcecode.swift; path = PublicLibrary.swift; sourceTree = "<group>"; };
		9587E19C20DB27B200CFF85D /* TableViewClasses.swift */ = {isa = PBXFileReference; lastKnownFileType = sourcecode.swift; path = TableViewClasses.swift; sourceTree = "<group>"; };
		9587E19E20DB2D6E00CFF85D /* SessionCell.swift */ = {isa = PBXFileReference; lastKnownFileType = sourcecode.swift; path = SessionCell.swift; sourceTree = "<group>"; };
		9587E1A020DB8FDD00CFF85D /* TimerVCSessionManager.swift */ = {isa = PBXFileReference; lastKnownFileType = sourcecode.swift; path = TimerVCSessionManager.swift; sourceTree = "<group>"; };
		9588BA5621100BA500CE94C0 /* ThemeSwitch.swift */ = {isa = PBXFileReference; lastKnownFileType = sourcecode.swift; path = ThemeSwitch.swift; sourceTree = "<group>"; };
		9588BA5B21104DD000CE94C0 /* PreferenceCell.swift */ = {isa = PBXFileReference; lastKnownFileType = sourcecode.swift; path = PreferenceCell.swift; sourceTree = "<group>"; };
		959260A9211A9D9B00AE9030 /* HelpVC.swift */ = {isa = PBXFileReference; lastKnownFileType = sourcecode.swift; path = HelpVC.swift; sourceTree = "<group>"; };
		95AD0E3720A7447200E36982 /* ColorScheme.swift */ = {isa = PBXFileReference; lastKnownFileType = sourcecode.swift; path = ColorScheme.swift; sourceTree = "<group>"; };
		95B5265920E23C5000C54F45 /* PreferenceList.swift */ = {isa = PBXFileReference; lastKnownFileType = sourcecode.swift; path = PreferenceList.swift; sourceTree = "<group>"; };
		95B9838120B1F73000CE5908 /* ResultCell.swift */ = {isa = PBXFileReference; lastKnownFileType = sourcecode.swift; path = ResultCell.swift; sourceTree = "<group>"; };
		95BF901E20E380B800211563 /* InTimerSettingVC.swift */ = {isa = PBXFileReference; lastKnownFileType = sourcecode.swift; path = InTimerSettingVC.swift; sourceTree = "<group>"; };
		95BF902020E38FF500211563 /* TimerVCFAB.swift */ = {isa = PBXFileReference; lastKnownFileType = sourcecode.swift; path = TimerVCFAB.swift; sourceTree = "<group>"; };
		95C6A4C020B32973003D8D28 /* xzTrainer.xcdatamodel */ = {isa = PBXFileReference; lastKnownFileType = wrapper.xcdatamodel; path = xzTrainer.xcdatamodel; sourceTree = "<group>"; };
		95C6A4C220B35286003D8D28 /* Scrambler.swift */ = {isa = PBXFileReference; lastKnownFileType = sourcecode.swift; path = Scrambler.swift; sourceTree = "<group>"; };
		95CB543920F303CC0025FB6E /* SettingsVCPicker.swift */ = {isa = PBXFileReference; lastKnownFileType = sourcecode.swift; path = SettingsVCPicker.swift; sourceTree = "<group>"; };
		95CB543D20F34F770025FB6E /* EditSpecificLetterVC.swift */ = {isa = PBXFileReference; lastKnownFileType = sourcecode.swift; path = EditSpecificLetterVC.swift; sourceTree = "<group>"; };
		95CB543F20F35BE00025FB6E /* LetterSetterTextField.swift */ = {isa = PBXFileReference; lastKnownFileType = sourcecode.swift; path = LetterSetterTextField.swift; sourceTree = "<group>"; };
		95D52C5620865912004DE650 /* xzTrainer.app */ = {isa = PBXFileReference; explicitFileType = wrapper.application; includeInIndex = 0; path = xzTrainer.app; sourceTree = BUILT_PRODUCTS_DIR; };
		95D52C5920865912004DE650 /* AppDelegate.swift */ = {isa = PBXFileReference; lastKnownFileType = sourcecode.swift; path = AppDelegate.swift; sourceTree = "<group>"; };
		95D52C5B20865912004DE650 /* TimerVC.swift */ = {isa = PBXFileReference; lastKnownFileType = sourcecode.swift; path = TimerVC.swift; sourceTree = "<group>"; };
		95D52C5E20865912004DE650 /* Base */ = {isa = PBXFileReference; lastKnownFileType = file.storyboard; name = Base; path = Base.lproj/Timer.storyboard; sourceTree = "<group>"; };
		95D52C6020865913004DE650 /* Assets.xcassets */ = {isa = PBXFileReference; lastKnownFileType = folder.assetcatalog; path = Assets.xcassets; sourceTree = "<group>"; };
		95D52C6320865913004DE650 /* Base */ = {isa = PBXFileReference; lastKnownFileType = file.storyboard; name = Base; path = Base.lproj/LaunchScreen.storyboard; sourceTree = "<group>"; };
		95D52C6520865913004DE650 /* Info.plist */ = {isa = PBXFileReference; lastKnownFileType = text.plist.xml; path = Info.plist; sourceTree = "<group>"; };
		95D7334920E9BB21009F2708 /* ThemeSegues.swift */ = {isa = PBXFileReference; lastKnownFileType = sourcecode.swift; path = ThemeSegues.swift; sourceTree = "<group>"; };
		95DB124620E4D6EB007BBAFD /* MemoSettingCell.swift */ = {isa = PBXFileReference; lastKnownFileType = sourcecode.swift; path = MemoSettingCell.swift; sourceTree = "<group>"; };
		95DB124820E4DD3C007BBAFD /* MemoSettingsDataSource.swift */ = {isa = PBXFileReference; lastKnownFileType = sourcecode.swift; path = MemoSettingsDataSource.swift; sourceTree = "<group>"; };
		95DB65E920EF0E900095A778 /* Base */ = {isa = PBXFileReference; lastKnownFileType = file.storyboard; name = Base; path = xzTrainer/View/Storyboards/Base.lproj/ModeSelection.storyboard; sourceTree = "<group>"; };
		95E0EA0620AF31F90058B87A /* TimerLabel.swift */ = {isa = PBXFileReference; lastKnownFileType = sourcecode.swift; path = TimerLabel.swift; sourceTree = "<group>"; };
		95E1FB3C21291000002717FC /* LocalizationHelp.swift */ = {isa = PBXFileReference; lastKnownFileType = sourcecode.swift; path = LocalizationHelp.swift; sourceTree = "<group>"; };
		95E1FB3F21291163002717FC /* zh-Hans */ = {isa = PBXFileReference; lastKnownFileType = text.plist.strings; name = "zh-Hans"; path = "zh-Hans.lproj/IconExplanations.strings"; sourceTree = "<group>"; };
		95E1FB412129116F002717FC /* Base */ = {isa = PBXFileReference; lastKnownFileType = text.plist.strings; name = Base; path = Base.lproj/IconExplanations.strings; sourceTree = "<group>"; };
		95E1FB4421293D51002717FC /* ThemeViewController.swift */ = {isa = PBXFileReference; lastKnownFileType = sourcecode.swift; path = ThemeViewController.swift; sourceTree = "<group>"; };
		95E1FB49212948B2002717FC /* Theme.swift */ = {isa = PBXFileReference; lastKnownFileType = sourcecode.swift; path = Theme.swift; sourceTree = "<group>"; };
		95EB838E20B430E4003ADB37 /* Solve.swift */ = {isa = PBXFileReference; lastKnownFileType = sourcecode.swift; path = Solve.swift; sourceTree = "<group>"; };
		95EB839020B43D93003ADB37 /* SolveDetailVC.swift */ = {isa = PBXFileReference; lastKnownFileType = sourcecode.swift; path = SolveDetailVC.swift; sourceTree = "<group>"; };
		95EB839220B46CDF003ADB37 /* LetterScheme.swift */ = {isa = PBXFileReference; lastKnownFileType = sourcecode.swift; path = LetterScheme.swift; sourceTree = "<group>"; };
		95EB839420B47061003ADB37 /* EncoderSetting.swift */ = {isa = PBXFileReference; lastKnownFileType = sourcecode.swift; path = EncoderSetting.swift; sourceTree = "<group>"; };
		95F1294F20A4E2F3000732A4 /* CubeFaceView.swift */ = {isa = PBXFileReference; lastKnownFileType = sourcecode.swift; path = CubeFaceView.swift; sourceTree = "<group>"; };
		95F886AD2112F082004D4C2C /* PieceArrayExtentsion.swift */ = {isa = PBXFileReference; lastKnownFileType = sourcecode.swift; path = PieceArrayExtentsion.swift; sourceTree = "<group>"; };
		95F886AF2112FF5C004D4C2C /* NameVC.swift */ = {isa = PBXFileReference; lastKnownFileType = sourcecode.swift; path = NameVC.swift; sourceTree = "<group>"; };
/* End PBXFileReference section */

/* Begin PBXFrameworksBuildPhase section */
		9583EC46209E13BF004A4D3E /* Frameworks */ = {
			isa = PBXFrameworksBuildPhase;
			buildActionMask = 2147483647;
			files = (
			);
			runOnlyForDeploymentPostprocessing = 0;
		};
		95D52C5320865912004DE650 /* Frameworks */ = {
			isa = PBXFrameworksBuildPhase;
			buildActionMask = 2147483647;
			files = (
			);
			runOnlyForDeploymentPostprocessing = 0;
		};
/* End PBXFrameworksBuildPhase section */

/* Begin PBXGroup section */
		950914492126B36800EDB4B3 /* Public Library */ = {
			isa = PBXGroup;
			children = (
				9583EC53209E3F2C004A4D3E /* PublicLibrary.swift */,
				9509144A2126B37F00EDB4B3 /* CubePieces.swift */,
				9509144C2126B4B700EDB4B3 /* StringRepresentable.swift */,
				9509144E2126C12900EDB4B3 /* TurnsAndRotations.swift */,
				950914502126C1A200EDB4B3 /* UserDefaultsHandler.swift */,
			);
			path = "Public Library";
			sourceTree = "<group>";
		};
		950DF6CF2111ABD800A329EB /* MethodOptions */ = {
			isa = PBXGroup;
			children = (
				950DF6D22111AC9F00A329EB /* MemoPreference.swift */,
				950DF6D02111ABFA00A329EB /* MethodOptions.swift */,
				950DF6D42111ACEB00A329EB /* AdvancedParity.swift */,
				955E0E12212578F100B2B1E3 /* Memo.strings */,
				955E0E1721257CDA00B2B1E3 /* LocalizationMemo.swift */,
			);
			path = MethodOptions;
			sourceTree = "<group>";
		};
		95183BBC21070D58006D2D6F /* ModeSelection */ = {
			isa = PBXGroup;
			children = (
				95DB65E820EF0E900095A778 /* ModeSelection.storyboard */,
				95004C2920E771A300380DBB /* ModeSelectionVC.swift */,
				955E0E06212545FE00B2B1E3 /* LocalizableMode.swift */,
				955E0E0C2125464A00B2B1E3 /* Mode.strings */,
			);
			path = ModeSelection;
			sourceTree = "<group>";
		};
		95183BBD21070DBD006D2D6F /* Encoder */ = {
			isa = PBXGroup;
			children = (
				9588BA58211032AE00CE94C0 /* Controller */,
				9588BA59211032BC00CE94C0 /* Model */,
				957A5C6E21127FFB002160A7 /* View */,
			);
			path = Encoder;
			sourceTree = "<group>";
		};
		9539A77520E5C09300A3CE20 /* Cube */ = {
			isa = PBXGroup;
			children = (
				9588BA46210FFE6700CE94C0 /* Solution */,
				9588BA45210FFE4B00CE94C0 /* Representation */,
			);
			path = Cube;
			sourceTree = "<group>";
		};
		9539A77820E5C0E900A3CE20 /* Timer */ = {
			isa = PBXGroup;
			children = (
				9588BA4C210FFF6E00CE94C0 /* Controller */,
				9588BA4D210FFFA800CE94C0 /* View */,
				9588BA4B210FFF6300CE94C0 /* Model */,
			);
			path = Timer;
			sourceTree = "<group>";
		};
		9539A77B20E5C11F00A3CE20 /* Theme */ = {
			isa = PBXGroup;
			children = (
				95E1FB49212948B2002717FC /* Theme.swift */,
				950E70F920E9DFCB0080F879 /* FloatingActionButton.swift */,
				958125BF210EA4F2009C564B /* DropDownTextField.swift */,
				958125C1210EBA91009C564B /* ThemeAlertController.swift */,
				9588BA5621100BA500CE94C0 /* ThemeSwitch.swift */,
				95D7334920E9BB21009F2708 /* ThemeSegues.swift */,
				957A5C7121128092002160A7 /* ThemeCell.swift */,
				95E1FB4421293D51002717FC /* ThemeViewController.swift */,
			);
			path = Theme;
			sourceTree = "<group>";
		};
		953F41F9211BD0D300EBC194 /* Help */ = {
			isa = PBXGroup;
			children = (
				953F41F6211BD0C800EBC194 /* Help.storyboard */,
				959260A9211A9D9B00AE9030 /* HelpVC.swift */,
				953F41FA211BD44F00EBC194 /* HelpCell.swift */,
				953F41FC211BD5E400EBC194 /* HelpedIcon.swift */,
				95E1FB4021291163002717FC /* IconExplanations.strings */,
				95E1FB3C21291000002717FC /* LocalizationHelp.swift */,
			);
			path = Help;
			sourceTree = "<group>";
		};
		9575E62D212A3F26005F6872 /* ResutPopUpView */ = {
			isa = PBXGroup;
			children = (
				9575E629212A304B005F6872 /* ResultPopUpView.swift */,
				9575E62B212A305C005F6872 /* ResultPopUpView.xib */,
			);
			path = ResutPopUpView;
			sourceTree = "<group>";
		};
		9575E62E212A401A005F6872 /* ResultTableView */ = {
			isa = PBXGroup;
			children = (
				9575E62F212A402F005F6872 /* ResultTableView.swift */,
				9575E631212A404B005F6872 /* ResultTableView.xib */,
			);
			path = ResultTableView;
			sourceTree = "<group>";
		};
		9575E633212A4153005F6872 /* SessionView */ = {
			isa = PBXGroup;
			children = (
				9587E19E20DB2D6E00CFF85D /* SessionCell.swift */,
				9575E638212A4366005F6872 /* SessionCell.xib */,
				9575E634212A4161005F6872 /* SessionView.swift */,
			);
			path = SessionView;
			sourceTree = "<group>";
		};
		957A5C6E21127FFB002160A7 /* View */ = {
			isa = PBXGroup;
			children = (
				9588BA5B21104DD000CE94C0 /* PreferenceCell.swift */,
				950DF6CD2111640700A329EB /* PriorityCell.swift */,
				957A5C6F21128064002160A7 /* ReorderCell.swift */,
				95DB124620E4D6EB007BBAFD /* MemoSettingCell.swift */,
			);
			path = View;
			sourceTree = "<group>";
		};
		9583EC4A209E13BF004A4D3E /* xzTrainerTests */ = {
			isa = PBXGroup;
			children = (
				9583EC4B209E13BF004A4D3E /* xzTrainerTests.swift */,
				9583EC4D209E13BF004A4D3E /* Info.plist */,
			);
			path = xzTrainerTests;
			sourceTree = "<group>";
		};
		9588BA45210FFE4B00CE94C0 /* Representation */ = {
			isa = PBXGroup;
			children = (
				956C5CDB20A0D2230036D80A /* Cube.swift */,
				9583EC40209E0E7C004A4D3E /* CentreCore.swift */,
				9583EC41209E0E7C004A4D3E /* VoidCube.swift */,
			);
			path = Representation;
			sourceTree = "<group>";
		};
		9588BA46210FFE6700CE94C0 /* Solution */ = {
			isa = PBXGroup;
			children = (
				956C5CDD20A0DCC00036D80A /* CubePermutationEncoder.swift */,
			);
			path = Solution;
			sourceTree = "<group>";
		};
		9588BA47210FFED300CE94C0 /* Controller */ = {
			isa = PBXGroup;
			children = (
				955E0DF92125394800B2B1E3 /* Settings.storyboard */,
				950D322320F06C6800CA165C /* SettingsVC.swift */,
				95CB543920F303CC0025FB6E /* SettingsVCPicker.swift */,
				950D322520F0823F00CA165C /* EditLetterSchemeVC.swift */,
				95CB543D20F34F770025FB6E /* EditSpecificLetterVC.swift */,
			);
			path = Controller;
			sourceTree = "<group>";
		};
		9588BA49210FFF1200CE94C0 /* General */ = {
			isa = PBXGroup;
			children = (
				9588BA47210FFED300CE94C0 /* Controller */,
				9588BA5A211032EB00CE94C0 /* Model */,
				9588BA502110001600CE94C0 /* View */,
			);
			path = General;
			sourceTree = "<group>";
		};
		9588BA4B210FFF6300CE94C0 /* Model */ = {
			isa = PBXGroup;
			children = (
				95EB838E20B430E4003ADB37 /* Solve.swift */,
				957E1C8620DA5DC000CC40AD /* Session.swift */,
				95C6A4C220B35286003D8D28 /* Scrambler.swift */,
				9539A77520E5C09300A3CE20 /* Cube */,
			);
			path = Model;
			sourceTree = "<group>";
		};
		9588BA4C210FFF6E00CE94C0 /* Controller */ = {
			isa = PBXGroup;
			children = (
				95D52C5D20865912004DE650 /* Timer.storyboard */,
				95D52C5B20865912004DE650 /* TimerVC.swift */,
				95BF902020E38FF500211563 /* TimerVCFAB.swift */,
				9572457120D9B6D30086202E /* TimerVCPopUp.swift */,
				9572457320D9B7DF0086202E /* TimerVCTableManager.swift */,
				9572457520D9B8CC0086202E /* TimerVCTimerLabel.swift */,
				9587E1A020DB8FDD00CFF85D /* TimerVCSessionManager.swift */,
				95EB839020B43D93003ADB37 /* SolveDetailVC.swift */,
			);
			path = Controller;
			sourceTree = "<group>";
		};
		9588BA4D210FFFA800CE94C0 /* View */ = {
			isa = PBXGroup;
			children = (
				9575E633212A4153005F6872 /* SessionView */,
				9575E62E212A401A005F6872 /* ResultTableView */,
				95E0EA0620AF31F90058B87A /* TimerLabel.swift */,
				9575E62D212A3F26005F6872 /* ResutPopUpView */,
				9588BA4F210FFFF500CE94C0 /* Cells */,
				9588BA4E210FFFE700CE94C0 /* Cube Visualization */,
			);
			path = View;
			sourceTree = "<group>";
		};
		9588BA4E210FFFE700CE94C0 /* Cube Visualization */ = {
			isa = PBXGroup;
			children = (
				95F1294F20A4E2F3000732A4 /* CubeFaceView.swift */,
				9533A48F20A8C24D00A5A59E /* CubeView.swift */,
			);
			path = "Cube Visualization";
			sourceTree = "<group>";
		};
		9588BA4F210FFFF500CE94C0 /* Cells */ = {
			isa = PBXGroup;
			children = (
				95B9838120B1F73000CE5908 /* ResultCell.swift */,
			);
			path = Cells;
			sourceTree = "<group>";
		};
		9588BA502110001600CE94C0 /* View */ = {
			isa = PBXGroup;
			children = (
				95CB543F20F35BE00025FB6E /* LetterSetterTextField.swift */,
			);
			path = View;
			sourceTree = "<group>";
		};
		9588BA512110005200CE94C0 /* Launch Scenes */ = {
			isa = PBXGroup;
			children = (
				95D52C6220865913004DE650 /* LaunchScreen.storyboard */,
				95F886AF2112FF5C004D4C2C /* NameVC.swift */,
				953F41F9211BD0D300EBC194 /* Help */,
				95183BBC21070D58006D2D6F /* ModeSelection */,
				95004C2B20E7739800380DBB /* ModeSelectionCell.swift */,
			);
			path = "Launch Scenes";
			sourceTree = "<group>";
		};
		9588BA542110018800CE94C0 /* Projectwise */ = {
			isa = PBXGroup;
			children = (
				95E1FB4821294287002717FC /* Design */,
				950914492126B36800EDB4B3 /* Public Library */,
				955E0E02212541AA00B2B1E3 /* Localizable.strings */,
				955E0DFE21253E8C00B2B1E3 /* LocalizationHelper.swift */,
				955E0E042125428700B2B1E3 /* LocalizationGeneral.swift */,
				9575ED5620D90D7A00D9CF81 /* Data.swift */,
				9587E19C20DB27B200CFF85D /* TableViewClasses.swift */,
				9539A77B20E5C11F00A3CE20 /* Theme */,
			);
			path = Projectwise;
			sourceTree = "<group>";
		};
		9588BA58211032AE00CE94C0 /* Controller */ = {
			isa = PBXGroup;
			children = (
				950DF6CA2111622400A329EB /* CustomPriority.storyboard */,
				9539A77C20E5F0E800A3CE20 /* InTimerSetting.storyboard */,
				95BF901E20E380B800211563 /* InTimerSettingVC.swift */,
				9539A78420E62E1400A3CE20 /* SettingsDetailVC.swift */,
				95183BBE210717A1006D2D6F /* AdvancedParityVC.swift */,
				950DF6C82111620800A329EB /* ShowPriorityVC.swift */,
				950DF6D62111B2E500A329EB /* ReorderPriorityVC.swift */,
			);
			path = Controller;
			sourceTree = "<group>";
		};
		9588BA59211032BC00CE94C0 /* Model */ = {
			isa = PBXGroup;
			children = (
				95EB839420B47061003ADB37 /* EncoderSetting.swift */,
				95B5265920E23C5000C54F45 /* PreferenceList.swift */,
				9539A78020E5F21000A3CE20 /* MemoMethod.swift */,
				95DB124820E4DD3C007BBAFD /* MemoSettingsDataSource.swift */,
				950DF6CF2111ABD800A329EB /* MethodOptions */,
				95F886AD2112F082004D4C2C /* PieceArrayExtentsion.swift */,
			);
			path = Model;
			sourceTree = "<group>";
		};
		9588BA5A211032EB00CE94C0 /* Model */ = {
			isa = PBXGroup;
			children = (
				95EB839220B46CDF003ADB37 /* LetterScheme.swift */,
				95AD0E3720A7447200E36982 /* ColorScheme.swift */,
				950D322720F0ABAB00CA165C /* GeneralSetting.swift */,
			);
			path = Model;
			sourceTree = "<group>";
		};
		95CB543820F303AA0025FB6E /* Settings */ = {
			isa = PBXGroup;
			children = (
				950D322920F0ACB600CA165C /* UserSetting.swift */,
				95183BBD21070DBD006D2D6F /* Encoder */,
				9588BA49210FFF1200CE94C0 /* General */,
			);
			path = Settings;
			sourceTree = "<group>";
		};
		95D52C4D20865912004DE650 = {
			isa = PBXGroup;
			children = (
				95D52C5820865912004DE650 /* xzTrainer */,
				9583EC4A209E13BF004A4D3E /* xzTrainerTests */,
				95D52C5720865912004DE650 /* Products */,
			);
			sourceTree = "<group>";
		};
		95D52C5720865912004DE650 /* Products */ = {
			isa = PBXGroup;
			children = (
				95D52C5620865912004DE650 /* xzTrainer.app */,
				9583EC49209E13BF004A4D3E /* xzTrainerTests.xctest */,
			);
			name = Products;
			sourceTree = "<group>";
		};
		95D52C5820865912004DE650 /* xzTrainer */ = {
			isa = PBXGroup;
			children = (
				95D52C6020865913004DE650 /* Assets.xcassets */,
				9588BA542110018800CE94C0 /* Projectwise */,
				9588BA512110005200CE94C0 /* Launch Scenes */,
				9539A77820E5C0E900A3CE20 /* Timer */,
				95CB543820F303AA0025FB6E /* Settings */,
				95D52C5920865912004DE650 /* AppDelegate.swift */,
				95C6A4BF20B32973003D8D28 /* xzTrainer.xcdatamodeld */,
				95D52C6520865913004DE650 /* Info.plist */,
			);
			path = xzTrainer;
			sourceTree = "<group>";
		};
		95E1FB4821294287002717FC /* Design */ = {
			isa = PBXGroup;
			children = (
				951A33EA20D260C000A12666 /* GradientView.swift */,
				952FAA0820BB1B58007FD671 /* RoundedButton.swift */,
				952FAA0A20BB1CDA007FD671 /* RoundedView.swift */,
				9526D82720C3AA2800F0E251 /* UIButtonX.swift */,
			);
			path = Design;
			sourceTree = "<group>";
		};
/* End PBXGroup section */

/* Begin PBXNativeTarget section */
		9583EC48209E13BF004A4D3E /* xzTrainerTests */ = {
			isa = PBXNativeTarget;
			buildConfigurationList = 9583EC50209E13BF004A4D3E /* Build configuration list for PBXNativeTarget "xzTrainerTests" */;
			buildPhases = (
				9583EC45209E13BF004A4D3E /* Sources */,
				9583EC46209E13BF004A4D3E /* Frameworks */,
				9583EC47209E13BF004A4D3E /* Resources */,
			);
			buildRules = (
			);
			dependencies = (
				9583EC4F209E13BF004A4D3E /* PBXTargetDependency */,
			);
			name = xzTrainerTests;
			productName = xzTrainerTests;
			productReference = 9583EC49209E13BF004A4D3E /* xzTrainerTests.xctest */;
			productType = "com.apple.product-type.bundle.unit-test";
		};
		95D52C5520865912004DE650 /* xzTrainer */ = {
			isa = PBXNativeTarget;
			buildConfigurationList = 95D52C6820865913004DE650 /* Build configuration list for PBXNativeTarget "xzTrainer" */;
			buildPhases = (
				95D52C5220865912004DE650 /* Sources */,
				95D52C5320865912004DE650 /* Frameworks */,
				95D52C5420865912004DE650 /* Resources */,
			);
			buildRules = (
			);
			dependencies = (
			);
			name = xzTrainer;
			productName = xzTrainer;
			productReference = 95D52C5620865912004DE650 /* xzTrainer.app */;
			productType = "com.apple.product-type.application";
		};
/* End PBXNativeTarget section */

/* Begin PBXProject section */
		95D52C4E20865912004DE650 /* Project object */ = {
			isa = PBXProject;
			attributes = {
				LastSwiftUpdateCheck = 0930;
				LastUpgradeCheck = 0930;
				ORGANIZATIONNAME = "Xuzhi Zhang";
				TargetAttributes = {
					9583EC48209E13BF004A4D3E = {
						CreatedOnToolsVersion = 9.3;
						TestTargetID = 95D52C5520865912004DE650;
					};
					95D52C5520865912004DE650 = {
						CreatedOnToolsVersion = 9.3;
					};
				};
			};
			buildConfigurationList = 95D52C5120865912004DE650 /* Build configuration list for PBXProject "xzTrainer" */;
			compatibilityVersion = "Xcode 9.3";
			developmentRegion = en;
			hasScannedForEncodings = 0;
			knownRegions = (
				en,
				Base,
				"zh-Hans",
			);
			mainGroup = 95D52C4D20865912004DE650;
			productRefGroup = 95D52C5720865912004DE650 /* Products */;
			projectDirPath = "";
			projectRoot = "";
			targets = (
				95D52C5520865912004DE650 /* xzTrainer */,
				9583EC48209E13BF004A4D3E /* xzTrainerTests */,
			);
		};
/* End PBXProject section */

/* Begin PBXResourcesBuildPhase section */
		9583EC47209E13BF004A4D3E /* Resources */ = {
			isa = PBXResourcesBuildPhase;
			buildActionMask = 2147483647;
			files = (
			);
			runOnlyForDeploymentPostprocessing = 0;
		};
		95D52C5420865912004DE650 /* Resources */ = {
			isa = PBXResourcesBuildPhase;
			buildActionMask = 2147483647;
			files = (
				95DB65EA20EF0E900095A778 /* ModeSelection.storyboard in Resources */,
				9575E62C212A305C005F6872 /* ResultPopUpView.xib in Resources */,
				95D52C6420865913004DE650 /* LaunchScreen.storyboard in Resources */,
				95D52C6120865913004DE650 /* Assets.xcassets in Resources */,
				9575E639212A4366005F6872 /* SessionCell.xib in Resources */,
				95E1FB3E21291163002717FC /* IconExplanations.strings in Resources */,
				9539A77E20E5F0E800A3CE20 /* InTimerSetting.storyboard in Resources */,
				955E0E00212541AA00B2B1E3 /* Localizable.strings in Resources */,
				950DF6CC2111622400A329EB /* CustomPriority.storyboard in Resources */,
				95D52C5F20865912004DE650 /* Timer.storyboard in Resources */,
				955E0E10212578F100B2B1E3 /* Memo.strings in Resources */,
				9575E632212A404B005F6872 /* ResultTableView.xib in Resources */,
				955E0DF72125394800B2B1E3 /* Settings.storyboard in Resources */,
				955E0E0A2125464A00B2B1E3 /* Mode.strings in Resources */,
				953F41F8211BD0C800EBC194 /* Help.storyboard in Resources */,
			);
			runOnlyForDeploymentPostprocessing = 0;
		};
/* End PBXResourcesBuildPhase section */

/* Begin PBXSourcesBuildPhase section */
		9583EC45209E13BF004A4D3E /* Sources */ = {
			isa = PBXSourcesBuildPhase;
			buildActionMask = 2147483647;
			files = (
				9583EC4C209E13BF004A4D3E /* xzTrainerTests.swift in Sources */,
			);
			runOnlyForDeploymentPostprocessing = 0;
		};
		95D52C5220865912004DE650 /* Sources */ = {
			isa = PBXSourcesBuildPhase;
			buildActionMask = 2147483647;
			files = (
				9539A78520E62E1400A3CE20 /* SettingsDetailVC.swift in Sources */,
				95BF901F20E380B800211563 /* InTimerSettingVC.swift in Sources */,
				9572457420D9B7DF0086202E /* TimerVCTableManager.swift in Sources */,
				95D52C5C20865912004DE650 /* TimerVC.swift in Sources */,
				950DF6D72111B2E500A329EB /* ReorderPriorityVC.swift in Sources */,
				950DF6D12111ABFA00A329EB /* MethodOptions.swift in Sources */,
				950D322820F0ABAB00CA165C /* GeneralSetting.swift in Sources */,
				95183BBF210717A1006D2D6F /* AdvancedParityVC.swift in Sources */,
				9509144F2126C12900EDB4B3 /* TurnsAndRotations.swift in Sources */,
				95C6A4C320B35286003D8D28 /* Scrambler.swift in Sources */,
				959260AA211A9D9B00AE9030 /* HelpVC.swift in Sources */,
				9575E635212A4161005F6872 /* SessionView.swift in Sources */,
				95DB124720E4D6EB007BBAFD /* MemoSettingCell.swift in Sources */,
				9509144B2126B37F00EDB4B3 /* CubePieces.swift in Sources */,
				951A33EB20D260C000A12666 /* GradientView.swift in Sources */,
				950D322420F06C6800CA165C /* SettingsVC.swift in Sources */,
				95F886B02112FF5C004D4C2C /* NameVC.swift in Sources */,
				9572457220D9B6D30086202E /* TimerVCPopUp.swift in Sources */,
				955E0E052125428700B2B1E3 /* LocalizationGeneral.swift in Sources */,
				955E0E1821257CDA00B2B1E3 /* LocalizationMemo.swift in Sources */,
				9526D82820C3AA2800F0E251 /* UIButtonX.swift in Sources */,
				950DF6C92111620800A329EB /* ShowPriorityVC.swift in Sources */,
				958125C0210EA4F2009C564B /* DropDownTextField.swift in Sources */,
				9587E19D20DB27B200CFF85D /* TableViewClasses.swift in Sources */,
				957A5C7221128092002160A7 /* ThemeCell.swift in Sources */,
				950D322620F0823F00CA165C /* EditLetterSchemeVC.swift in Sources */,
				95D7334A20E9BB21009F2708 /* ThemeSegues.swift in Sources */,
				950DF6D32111AC9F00A329EB /* MemoPreference.swift in Sources */,
				952FAA0B20BB1CDA007FD671 /* RoundedView.swift in Sources */,
				95E1FB3D21291000002717FC /* LocalizationHelp.swift in Sources */,
				950D322A20F0ACB600CA165C /* UserSetting.swift in Sources */,
				95AD0E3820A7447200E36982 /* ColorScheme.swift in Sources */,
				95EB838F20B430E4003ADB37 /* Solve.swift in Sources */,
				9588BA5721100BA500CE94C0 /* ThemeSwitch.swift in Sources */,
				95EB839320B46CDF003ADB37 /* LetterScheme.swift in Sources */,
				950DF6CE2111640700A329EB /* PriorityCell.swift in Sources */,
				957A5C7021128064002160A7 /* ReorderCell.swift in Sources */,
				9539A78120E5F21000A3CE20 /* MemoMethod.swift in Sources */,
				95BF902120E38FF500211563 /* TimerVCFAB.swift in Sources */,
				95B5265A20E23C5000C54F45 /* PreferenceList.swift in Sources */,
				958125C2210EBA91009C564B /* ThemeAlertController.swift in Sources */,
				9583EC42209E0E7C004A4D3E /* CentreCore.swift in Sources */,
				9575E630212A402F005F6872 /* ResultTableView.swift in Sources */,
				9509144D2126B4B700EDB4B3 /* StringRepresentable.swift in Sources */,
				953F41FD211BD5E400EBC194 /* HelpedIcon.swift in Sources */,
				9533A49020A8C24D00A5A59E /* CubeView.swift in Sources */,
				9587E19F20DB2D6E00CFF85D /* SessionCell.swift in Sources */,
				956C5CDC20A0D2230036D80A /* Cube.swift in Sources */,
				95CB543E20F34F770025FB6E /* EditSpecificLetterVC.swift in Sources */,
				95DB124920E4DD3C007BBAFD /* MemoSettingsDataSource.swift in Sources */,
				95E1FB4A212948B2002717FC /* Theme.swift in Sources */,
				950DF6D52111ACEB00A329EB /* AdvancedParity.swift in Sources */,
				95F1295020A4E2F3000732A4 /* CubeFaceView.swift in Sources */,
				95E0EA0720AF31F90058B87A /* TimerLabel.swift in Sources */,
				953F41FB211BD44F00EBC194 /* HelpCell.swift in Sources */,
				9587E1A120DB8FDD00CFF85D /* TimerVCSessionManager.swift in Sources */,
				95CB543A20F303CC0025FB6E /* SettingsVCPicker.swift in Sources */,
				9572457620D9B8CC0086202E /* TimerVCTimerLabel.swift in Sources */,
				9575ED5720D90D7A00D9CF81 /* Data.swift in Sources */,
				957E1C8720DA5DC000CC40AD /* Session.swift in Sources */,
				9575E62A212A304B005F6872 /* ResultPopUpView.swift in Sources */,
				955E0E07212545FE00B2B1E3 /* LocalizableMode.swift in Sources */,
				95004C2C20E7739800380DBB /* ModeSelectionCell.swift in Sources */,
				952FAA0920BB1B58007FD671 /* RoundedButton.swift in Sources */,
				95CB544020F35BE00025FB6E /* LetterSetterTextField.swift in Sources */,
				95D52C5A20865912004DE650 /* AppDelegate.swift in Sources */,
				95004C2A20E771A300380DBB /* ModeSelectionVC.swift in Sources */,
				95EB839120B43D93003ADB37 /* SolveDetailVC.swift in Sources */,
				95EB839520B47061003ADB37 /* EncoderSetting.swift in Sources */,
				9583EC43209E0E7C004A4D3E /* VoidCube.swift in Sources */,
				950914512126C1A200EDB4B3 /* UserDefaultsHandler.swift in Sources */,
				950E70FA20E9DFCB0080F879 /* FloatingActionButton.swift in Sources */,
				956C5CDE20A0DCC00036D80A /* CubePermutationEncoder.swift in Sources */,
				95F886AE2112F082004D4C2C /* PieceArrayExtentsion.swift in Sources */,
				95E1FB4621293D51002717FC /* ThemeViewController.swift in Sources */,
				955E0DFF21253E8C00B2B1E3 /* LocalizationHelper.swift in Sources */,
				95C6A4C120B32973003D8D28 /* xzTrainer.xcdatamodeld in Sources */,
				9583EC54209E3F2C004A4D3E /* PublicLibrary.swift in Sources */,
				9588BA5C21104DD000CE94C0 /* PreferenceCell.swift in Sources */,
				95B9838220B1F73000CE5908 /* ResultCell.swift in Sources */,
			);
			runOnlyForDeploymentPostprocessing = 0;
		};
/* End PBXSourcesBuildPhase section */

/* Begin PBXTargetDependency section */
		9583EC4F209E13BF004A4D3E /* PBXTargetDependency */ = {
			isa = PBXTargetDependency;
			target = 95D52C5520865912004DE650 /* xzTrainer */;
			targetProxy = 9583EC4E209E13BF004A4D3E /* PBXContainerItemProxy */;
		};
/* End PBXTargetDependency section */

/* Begin PBXVariantGroup section */
		950DF6CA2111622400A329EB /* CustomPriority.storyboard */ = {
			isa = PBXVariantGroup;
			children = (
				950DF6CB2111622400A329EB /* Base */,
				95034E7321251A740096E40B /* zh-Hans */,
			);
			name = CustomPriority.storyboard;
			sourceTree = "<group>";
		};
		9539A77C20E5F0E800A3CE20 /* InTimerSetting.storyboard */ = {
			isa = PBXVariantGroup;
			children = (
				9539A77D20E5F0E800A3CE20 /* Base */,
				95034E7421251A740096E40B /* zh-Hans */,
			);
			name = InTimerSetting.storyboard;
			sourceTree = "<group>";
		};
		953F41F6211BD0C800EBC194 /* Help.storyboard */ = {
			isa = PBXVariantGroup;
			children = (
				953F41F7211BD0C800EBC194 /* Base */,
				95034E7021251A740096E40B /* zh-Hans */,
			);
			name = Help.storyboard;
			sourceTree = "<group>";
		};
		955E0DF92125394800B2B1E3 /* Settings.storyboard */ = {
			isa = PBXVariantGroup;
			children = (
				955E0DF82125394800B2B1E3 /* Base */,
				955E0DFB2125394C00B2B1E3 /* zh-Hans */,
			);
			name = Settings.storyboard;
			sourceTree = "<group>";
		};
		955E0E02212541AA00B2B1E3 /* Localizable.strings */ = {
			isa = PBXVariantGroup;
			children = (
				955E0E01212541AA00B2B1E3 /* zh-Hans */,
				955E0E142125797100B2B1E3 /* Base */,
			);
			name = Localizable.strings;
			sourceTree = "<group>";
		};
		955E0E0C2125464A00B2B1E3 /* Mode.strings */ = {
			isa = PBXVariantGroup;
			children = (
				955E0E0B2125464A00B2B1E3 /* zh-Hans */,
				955E0E152125798800B2B1E3 /* Base */,
			);
			name = Mode.strings;
			sourceTree = "<group>";
		};
		955E0E12212578F100B2B1E3 /* Memo.strings */ = {
			isa = PBXVariantGroup;
			children = (
				955E0E11212578F100B2B1E3 /* zh-Hans */,
				955E0E16212579B800B2B1E3 /* Base */,
			);
			name = Memo.strings;
			sourceTree = "<group>";
		};
		95D52C5D20865912004DE650 /* Timer.storyboard */ = {
			isa = PBXVariantGroup;
			children = (
				95D52C5E20865912004DE650 /* Base */,
				95034E7221251A740096E40B /* zh-Hans */,
			);
			name = Timer.storyboard;
			sourceTree = "<group>";
		};
		95D52C6220865913004DE650 /* LaunchScreen.storyboard */ = {
			isa = PBXVariantGroup;
			children = (
				95D52C6320865913004DE650 /* Base */,
				95034E6F21251A730096E40B /* zh-Hans */,
			);
			name = LaunchScreen.storyboard;
			sourceTree = "<group>";
		};
		95DB65E820EF0E900095A778 /* ModeSelection.storyboard */ = {
			isa = PBXVariantGroup;
			children = (
				95DB65E920EF0E900095A778 /* Base */,
				95034E7121251A740096E40B /* zh-Hans */,
			);
			name = ModeSelection.storyboard;
			sourceTree = "<group>";
		};
		95E1FB4021291163002717FC /* IconExplanations.strings */ = {
			isa = PBXVariantGroup;
			children = (
				95E1FB3F21291163002717FC /* zh-Hans */,
				95E1FB412129116F002717FC /* Base */,
			);
			name = IconExplanations.strings;
			sourceTree = "<group>";
		};
/* End PBXVariantGroup section */

/* Begin XCBuildConfiguration section */
		9583EC51209E13BF004A4D3E /* Debug */ = {
			isa = XCBuildConfiguration;
			buildSettings = {
				BUNDLE_LOADER = "$(TEST_HOST)";
				CODE_SIGN_STYLE = Automatic;
				DEVELOPMENT_TEAM = 5T2XG4K2FJ;
				INFOPLIST_FILE = xzTrainerTests/Info.plist;
				LD_RUNPATH_SEARCH_PATHS = (
					"$(inherited)",
					"@executable_path/Frameworks",
					"@loader_path/Frameworks",
				);
				PRODUCT_BUNDLE_IDENTIFIER = com.nelson.random.xzTrainerTests;
				PRODUCT_NAME = "$(TARGET_NAME)";
				SWIFT_VERSION = 4.0;
				TARGETED_DEVICE_FAMILY = "1,2";
				TEST_HOST = "$(BUILT_PRODUCTS_DIR)/xzTrainer.app/xzTrainer";
			};
			name = Debug;
		};
		9583EC52209E13BF004A4D3E /* Release */ = {
			isa = XCBuildConfiguration;
			buildSettings = {
				BUNDLE_LOADER = "$(TEST_HOST)";
				CODE_SIGN_STYLE = Automatic;
				DEVELOPMENT_TEAM = 5T2XG4K2FJ;
				INFOPLIST_FILE = xzTrainerTests/Info.plist;
				LD_RUNPATH_SEARCH_PATHS = (
					"$(inherited)",
					"@executable_path/Frameworks",
					"@loader_path/Frameworks",
				);
				PRODUCT_BUNDLE_IDENTIFIER = com.nelson.random.xzTrainerTests;
				PRODUCT_NAME = "$(TARGET_NAME)";
				SWIFT_VERSION = 4.0;
				TARGETED_DEVICE_FAMILY = "1,2";
				TEST_HOST = "$(BUILT_PRODUCTS_DIR)/xzTrainer.app/xzTrainer";
			};
			name = Release;
		};
		95D52C6620865913004DE650 /* Debug */ = {
			isa = XCBuildConfiguration;
			buildSettings = {
				ALWAYS_SEARCH_USER_PATHS = NO;
				CLANG_ANALYZER_LOCALIZABILITY_NONLOCALIZED = YES;
				CLANG_ANALYZER_NONNULL = YES;
				CLANG_ANALYZER_NUMBER_OBJECT_CONVERSION = YES_AGGRESSIVE;
				CLANG_CXX_LANGUAGE_STANDARD = "gnu++14";
				CLANG_CXX_LIBRARY = "libc++";
				CLANG_ENABLE_MODULES = YES;
				CLANG_ENABLE_OBJC_ARC = YES;
				CLANG_ENABLE_OBJC_WEAK = YES;
				CLANG_WARN_BLOCK_CAPTURE_AUTORELEASING = YES;
				CLANG_WARN_BOOL_CONVERSION = YES;
				CLANG_WARN_COMMA = YES;
				CLANG_WARN_CONSTANT_CONVERSION = YES;
				CLANG_WARN_DEPRECATED_OBJC_IMPLEMENTATIONS = YES;
				CLANG_WARN_DIRECT_OBJC_ISA_USAGE = YES_ERROR;
				CLANG_WARN_DOCUMENTATION_COMMENTS = YES;
				CLANG_WARN_EMPTY_BODY = YES;
				CLANG_WARN_ENUM_CONVERSION = YES;
				CLANG_WARN_INFINITE_RECURSION = YES;
				CLANG_WARN_INT_CONVERSION = YES;
				CLANG_WARN_NON_LITERAL_NULL_CONVERSION = YES;
				CLANG_WARN_OBJC_IMPLICIT_RETAIN_SELF = YES;
				CLANG_WARN_OBJC_LITERAL_CONVERSION = YES;
				CLANG_WARN_OBJC_ROOT_CLASS = YES_ERROR;
				CLANG_WARN_RANGE_LOOP_ANALYSIS = YES;
				CLANG_WARN_STRICT_PROTOTYPES = YES;
				CLANG_WARN_SUSPICIOUS_MOVE = YES;
				CLANG_WARN_UNGUARDED_AVAILABILITY = YES_AGGRESSIVE;
				CLANG_WARN_UNREACHABLE_CODE = YES;
				CLANG_WARN__DUPLICATE_METHOD_MATCH = YES;
				CODE_SIGN_IDENTITY = "iPhone Developer";
				COPY_PHASE_STRIP = NO;
				DEBUG_INFORMATION_FORMAT = dwarf;
				ENABLE_STRICT_OBJC_MSGSEND = YES;
				ENABLE_TESTABILITY = YES;
				GCC_C_LANGUAGE_STANDARD = gnu11;
				GCC_DYNAMIC_NO_PIC = NO;
				GCC_NO_COMMON_BLOCKS = YES;
				GCC_OPTIMIZATION_LEVEL = 0;
				GCC_PREPROCESSOR_DEFINITIONS = (
					"DEBUG=1",
					"$(inherited)",
				);
				GCC_WARN_64_TO_32_BIT_CONVERSION = YES;
				GCC_WARN_ABOUT_RETURN_TYPE = YES_ERROR;
				GCC_WARN_UNDECLARED_SELECTOR = YES;
				GCC_WARN_UNINITIALIZED_AUTOS = YES_AGGRESSIVE;
				GCC_WARN_UNUSED_FUNCTION = YES;
				GCC_WARN_UNUSED_VARIABLE = YES;
				IPHONEOS_DEPLOYMENT_TARGET = 10.0;
				MTL_ENABLE_DEBUG_INFO = YES;
				ONLY_ACTIVE_ARCH = YES;
				SDKROOT = iphoneos;
				SWIFT_ACTIVE_COMPILATION_CONDITIONS = DEBUG;
				SWIFT_OPTIMIZATION_LEVEL = "-Onone";
			};
			name = Debug;
		};
		95D52C6720865913004DE650 /* Release */ = {
			isa = XCBuildConfiguration;
			buildSettings = {
				ALWAYS_SEARCH_USER_PATHS = NO;
				CLANG_ANALYZER_LOCALIZABILITY_NONLOCALIZED = YES;
				CLANG_ANALYZER_NONNULL = YES;
				CLANG_ANALYZER_NUMBER_OBJECT_CONVERSION = YES_AGGRESSIVE;
				CLANG_CXX_LANGUAGE_STANDARD = "gnu++14";
				CLANG_CXX_LIBRARY = "libc++";
				CLANG_ENABLE_MODULES = YES;
				CLANG_ENABLE_OBJC_ARC = YES;
				CLANG_ENABLE_OBJC_WEAK = YES;
				CLANG_WARN_BLOCK_CAPTURE_AUTORELEASING = YES;
				CLANG_WARN_BOOL_CONVERSION = YES;
				CLANG_WARN_COMMA = YES;
				CLANG_WARN_CONSTANT_CONVERSION = YES;
				CLANG_WARN_DEPRECATED_OBJC_IMPLEMENTATIONS = YES;
				CLANG_WARN_DIRECT_OBJC_ISA_USAGE = YES_ERROR;
				CLANG_WARN_DOCUMENTATION_COMMENTS = YES;
				CLANG_WARN_EMPTY_BODY = YES;
				CLANG_WARN_ENUM_CONVERSION = YES;
				CLANG_WARN_INFINITE_RECURSION = YES;
				CLANG_WARN_INT_CONVERSION = YES;
				CLANG_WARN_NON_LITERAL_NULL_CONVERSION = YES;
				CLANG_WARN_OBJC_IMPLICIT_RETAIN_SELF = YES;
				CLANG_WARN_OBJC_LITERAL_CONVERSION = YES;
				CLANG_WARN_OBJC_ROOT_CLASS = YES_ERROR;
				CLANG_WARN_RANGE_LOOP_ANALYSIS = YES;
				CLANG_WARN_STRICT_PROTOTYPES = YES;
				CLANG_WARN_SUSPICIOUS_MOVE = YES;
				CLANG_WARN_UNGUARDED_AVAILABILITY = YES_AGGRESSIVE;
				CLANG_WARN_UNREACHABLE_CODE = YES;
				CLANG_WARN__DUPLICATE_METHOD_MATCH = YES;
				CODE_SIGN_IDENTITY = "iPhone Developer";
				COPY_PHASE_STRIP = NO;
				DEBUG_INFORMATION_FORMAT = "dwarf-with-dsym";
				ENABLE_NS_ASSERTIONS = NO;
				ENABLE_STRICT_OBJC_MSGSEND = YES;
				GCC_C_LANGUAGE_STANDARD = gnu11;
				GCC_NO_COMMON_BLOCKS = YES;
				GCC_WARN_64_TO_32_BIT_CONVERSION = YES;
				GCC_WARN_ABOUT_RETURN_TYPE = YES_ERROR;
				GCC_WARN_UNDECLARED_SELECTOR = YES;
				GCC_WARN_UNINITIALIZED_AUTOS = YES_AGGRESSIVE;
				GCC_WARN_UNUSED_FUNCTION = YES;
				GCC_WARN_UNUSED_VARIABLE = YES;
				IPHONEOS_DEPLOYMENT_TARGET = 10.0;
				MTL_ENABLE_DEBUG_INFO = NO;
				SDKROOT = iphoneos;
				SWIFT_COMPILATION_MODE = wholemodule;
				SWIFT_OPTIMIZATION_LEVEL = "-O";
				VALIDATE_PRODUCT = YES;
			};
			name = Release;
		};
		95D52C6920865913004DE650 /* Debug */ = {
			isa = XCBuildConfiguration;
			buildSettings = {
				ASSETCATALOG_COMPILER_APPICON_NAME = AppIcon;
				CODE_SIGN_IDENTITY = "iPhone Distribution";
				CODE_SIGN_STYLE = Manual;
				DEVELOPMENT_TEAM = 7ZMJTGHCCS;
				INFOPLIST_FILE = xzTrainer/Info.plist;
				LD_RUNPATH_SEARCH_PATHS = (
					"$(inherited)",
					"@executable_path/Frameworks",
				);
				PRODUCT_BUNDLE_IDENTIFIER = com.xuzhi.random.xzTrainer;
				PRODUCT_NAME = "$(TARGET_NAME)";
				PROVISIONING_PROFILE = "fe656db9-3cfe-43fb-9886-46a1e6461960";
				PROVISIONING_PROFILE_SPECIFIER = xzTrainer;
				SWIFT_VERSION = 4.0;
				TARGETED_DEVICE_FAMILY = "1,2";
			};
			name = Debug;
		};
		95D52C6A20865913004DE650 /* Release */ = {
			isa = XCBuildConfiguration;
			buildSettings = {
				ASSETCATALOG_COMPILER_APPICON_NAME = AppIcon;
				CODE_SIGN_IDENTITY = "iPhone Distribution";
				CODE_SIGN_STYLE = Manual;
				DEVELOPMENT_TEAM = 7ZMJTGHCCS;
				INFOPLIST_FILE = xzTrainer/Info.plist;
				LD_RUNPATH_SEARCH_PATHS = (
					"$(inherited)",
					"@executable_path/Frameworks",
				);
				PRODUCT_BUNDLE_IDENTIFIER = com.xuzhi.random.xzTrainer;
				PRODUCT_NAME = "$(TARGET_NAME)";
				PROVISIONING_PROFILE = "fe656db9-3cfe-43fb-9886-46a1e6461960";
				PROVISIONING_PROFILE_SPECIFIER = xzTrainer;
				SWIFT_VERSION = 4.0;
				TARGETED_DEVICE_FAMILY = "1,2";
			};
			name = Release;
		};
/* End XCBuildConfiguration section */

/* Begin XCConfigurationList section */
		9583EC50209E13BF004A4D3E /* Build configuration list for PBXNativeTarget "xzTrainerTests" */ = {
			isa = XCConfigurationList;
			buildConfigurations = (
				9583EC51209E13BF004A4D3E /* Debug */,
				9583EC52209E13BF004A4D3E /* Release */,
			);
			defaultConfigurationIsVisible = 0;
			defaultConfigurationName = Release;
		};
		95D52C5120865912004DE650 /* Build configuration list for PBXProject "xzTrainer" */ = {
			isa = XCConfigurationList;
			buildConfigurations = (
				95D52C6620865913004DE650 /* Debug */,
				95D52C6720865913004DE650 /* Release */,
			);
			defaultConfigurationIsVisible = 0;
			defaultConfigurationName = Release;
		};
		95D52C6820865913004DE650 /* Build configuration list for PBXNativeTarget "xzTrainer" */ = {
			isa = XCConfigurationList;
			buildConfigurations = (
				95D52C6920865913004DE650 /* Debug */,
				95D52C6A20865913004DE650 /* Release */,
			);
			defaultConfigurationIsVisible = 0;
			defaultConfigurationName = Release;
		};
/* End XCConfigurationList section */

/* Begin XCVersionGroup section */
		95C6A4BF20B32973003D8D28 /* xzTrainer.xcdatamodeld */ = {
			isa = XCVersionGroup;
			children = (
				95C6A4C020B32973003D8D28 /* xzTrainer.xcdatamodel */,
			);
			currentVersion = 95C6A4C020B32973003D8D28 /* xzTrainer.xcdatamodel */;
			path = xzTrainer.xcdatamodeld;
			sourceTree = "<group>";
			versionGroupType = wrapper.xcdatamodel;
		};
/* End XCVersionGroup section */
	};
	rootObject = 95D52C4E20865912004DE650 /* Project object */;
}
